{
  "name": "1415fee72ff6294b",
  "lockfileVersion": 3,
  "requires": true,
  "packages": {
    "": {
      "dependencies": {
        "create-vite": "^9.0.7"
      }
    },
    "node_modules/create-vite": {
      "version": "9.0.7",
      "resolved": "https://registry.npmjs.org/create-vite/-/create-vite-9.0.7.tgz",
      "integrity": "sha512-TyuOQvwX4i/QN9acJzC7wzM7FfC12/1XlH3+d05PeD7Kj5o4BObuq78fB1x84SrEoi5KcQOi+b9K3JV+PWNHvw==",
      "license": "MIT",
      "bin": {
        "create-vite": "index.js",
        "cva": "index.js"
      },
      "engines": {
        "node": "^20.19.0 || >=22.12.0"
      },
      "funding": {
        "url": "https://github.com/vitejs/vite?sponsor=1"
      }
    }
  }
}
